
Microsoft Visual Studio Solution File, Format Version 12.00
# Visual Studio 15
VisualStudioVersion = 15.0.27130.2024
MinimumVisualStudioVersion = 10.0.40219.1
Project("{FAE04EC0-301F-11D3-BF4B-00C04F79EFBC}") = "globalLogicTest", "globalLogicTest\globalLogicTest.csproj", "{3EEDE0BC-C7F5-4A99-BB9D-CD1B1FB0950A}"
EndProject
Global
	GlobalSection(SolutionConfigurationPlatforms) = preSolution
		Debug|Any CPU = Debug|Any CPU
		Release|Any CPU = Release|Any CPU
	EndGlobalSection
	GlobalSection(ProjectConfigurationPlatforms) = postSolution
		{3EEDE0BC-C7F5-4A99-BB9D-CD1B1FB0950A}.Debug|Any CPU.ActiveCfg = Debug|Any CPU
		{3EEDE0BC-C7F5-4A99-BB9D-CD1B1FB0950A}.Debug|Any CPU.Build.0 = Debug|Any CPU
		{3EEDE0BC-C7F5-4A99-BB9D-CD1B1FB0950A}.Release|Any CPU.ActiveCfg = Release|Any CPU
		{3EEDE0BC-C7F5-4A99-BB9D-CD1B1FB0950A}.Release|Any CPU.Build.0 = Release|Any CPU
	EndGlobalSection
	GlobalSection(SolutionProperties) = preSolution
		HideSolutionNode = FALSE
	EndGlobalSection
	GlobalSection(ExtensibilityGlobals) = postSolution
		SolutionGuid = {5119EAE3-B85F-430A-B622-5F4346ED57BA}
	EndGlobalSection
EndGlobal
